
Microsoft Visual Studio Solution File, Format Version 12.00
# Visual Studio Version 16
VisualStudioVersion = 16.0.28407.52
MinimumVisualStudioVersion = 10.0.40219.1
Project("{FAE04EC0-301F-11D3-BF4B-00C04F79EFBC}") = "HomeSecurityApp.UWP", "HomeSecurityApp\HomeSecurityApp.UWP\HomeSecurityApp.UWP.csproj", "{0385EDD8-89F3-48B5-AFAC-1586804292EB}"
EndProject
Project("{FAE04EC0-301F-11D3-BF4B-00C04F79EFBC}") = "HomeSecurityApp.Android", "HomeSecurityApp\HomeSecurityApp.Android\HomeSecurityApp.Android.csproj", "{3FB2821C-8863-4FA1-A537-22D322E6C4F5}"
EndProject
Project("{FAE04EC0-301F-11D3-BF4B-00C04F79EFBC}") = "HomeSecurityApp.iOS", "HomeSecurityApp\HomeSecurityApp.iOS\HomeSecurityApp.iOS.csproj", "{B5749B4A-A6E5-4EBD-9369-043A0355F9B9}"
EndProject
Project("{FAE04EC0-301F-11D3-BF4B-00C04F79EFBC}") = "HomeSecurityApp", "HomeSecurityApp\HomeSecurityApp\HomeSecurityApp.csproj", "{1124D198-23ED-43FD-ADB2-90503A6679C1}"
EndProject
Global
	GlobalSection(SolutionConfigurationPlatforms) = preSolution
		Ad-Hoc|Any CPU = Ad-Hoc|Any CPU
		Ad-Hoc|ARM = Ad-Hoc|ARM
		Ad-Hoc|iPhone = Ad-Hoc|iPhone
		Ad-Hoc|iPhoneSimulator = Ad-Hoc|iPhoneSimulator
		Ad-Hoc|x64 = Ad-Hoc|x64
		Ad-Hoc|x86 = Ad-Hoc|x86
		AppStore|Any CPU = AppStore|Any CPU
		AppStore|ARM = AppStore|ARM
		AppStore|iPhone = AppStore|iPhone
		AppStore|iPhoneSimulator = AppStore|iPhoneSimulator
		AppStore|x64 = AppStore|x64
		AppStore|x86 = AppStore|x86
		Debug|Any CPU = Debug|Any CPU
		Debug|ARM = Debug|ARM
		Debug|iPhone = Debug|iPhone
		Debug|iPhoneSimulator = Debug|iPhoneSimulator
		Debug|x64 = Debug|x64
		Debug|x86 = Debug|x86
		Release|Any CPU = Release|Any CPU
		Release|ARM = Release|ARM
		Release|iPhone = Release|iPhone
		Release|iPhoneSimulator = Release|iPhoneSimulator
		Release|x64 = Release|x64
		Release|x86 = Release|x86
	EndGlobalSection
	GlobalSection(ProjectConfigurationPlatforms) = postSolution
		{0385EDD8-89F3-48B5-AFAC-1586804292EB}.Ad-Hoc|Any CPU.ActiveCfg = Release|x86
		{0385EDD8-89F3-48B5-AFAC-1586804292EB}.Ad-Hoc|Any CPU.Build.0 = Release|x86
		{0385EDD8-89F3-48B5-AFAC-1586804292EB}.Ad-Hoc|Any CPU.Deploy.0 = Release|x86
		{0385EDD8-89F3-48B5-AFAC-1586804292EB}.Ad-Hoc|ARM.ActiveCfg = Release|ARM
		{0385EDD8-89F3-48B5-AFAC-1586804292EB}.Ad-Hoc|ARM.Build.0 = Release|ARM
		{0385EDD8-89F3-48B5-AFAC-1586804292EB}.Ad-Hoc|ARM.Deploy.0 = Release|ARM
		{0385EDD8-89F3-48B5-AFAC-1586804292EB}.Ad-Hoc|iPhone.ActiveCfg = Release|x86
		{0385EDD8-89F3-48B5-AFAC-1586804292EB}.Ad-Hoc|iPhone.Build.0 = Release|x86
		{0385EDD8-89F3-48B5-AFAC-1586804292EB}.Ad-Hoc|iPhone.Deploy.0 = Release|x86
		{0385EDD8-89F3-48B5-AFAC-1586804292EB}.Ad-Hoc|iPhoneSimulator.ActiveCfg = Release|x86
		{0385EDD8-89F3-48B5-AFAC-1586804292EB}.Ad-Hoc|iPhoneSimulator.Build.0 = Release|x86
		{0385EDD8-89F3-48B5-AFAC-1586804292EB}.Ad-Hoc|iPhoneSimulator.Deploy.0 = Release|x86
		{0385EDD8-89F3-48B5-AFAC-1586804292EB}.Ad-Hoc|x64.ActiveCfg = Release|x64
		{0385EDD8-89F3-48B5-AFAC-1586804292EB}.Ad-Hoc|x64.Build.0 = Release|x64
		{0385EDD8-89F3-48B5-AFAC-1586804292EB}.Ad-Hoc|x64.Deploy.0 = Release|x64
		{0385EDD8-89F3-48B5-AFAC-1586804292EB}.Ad-Hoc|x86.ActiveCfg = Release|x86
		{0385EDD8-89F3-48B5-AFAC-1586804292EB}.Ad-Hoc|x86.Build.0 = Release|x86
		{0385EDD8-89F3-48B5-AFAC-1586804292EB}.Ad-Hoc|x86.Deploy.0 = Release|x86
		{0385EDD8-89F3-48B5-AFAC-1586804292EB}.AppStore|Any CPU.ActiveCfg = Release|x86
		{0385EDD8-89F3-48B5-AFAC-1586804292EB}.AppStore|Any CPU.Build.0 = Release|x86
		{0385EDD8-89F3-48B5-AFAC-1586804292EB}.AppStore|Any CPU.Deploy.0 = Release|x86
		{0385EDD8-89F3-48B5-AFAC-1586804292EB}.AppStore|ARM.ActiveCfg = Release|ARM
		{0385EDD8-89F3-48B5-AFAC-1586804292EB}.AppStore|ARM.Build.0 = Release|ARM
		{0385EDD8-89F3-48B5-AFAC-1586804292EB}.AppStore|ARM.Deploy.0 = Release|ARM
		{0385EDD8-89F3-48B5-AFAC-1586804292EB}.AppStore|iPhone.ActiveCfg = Release|x86
		{0385EDD8-89F3-48B5-AFAC-1586804292EB}.AppStore|iPhone.Build.0 = Release|x86
		{0385EDD8-89F3-48B5-AFAC-1586804292EB}.AppStore|iPhone.Deploy.0 = Release|x86
		{0385EDD8-89F3-48B5-AFAC-1586804292EB}.AppStore|iPhoneSimulator.ActiveCfg = Release|x86
		{0385EDD8-89F3-48B5-AFAC-1586804292EB}.AppStore|iPhoneSimulator.Build.0 = Release|x86
		{0385EDD8-89F3-48B5-AFAC-1586804292EB}.AppStore|iPhoneSimulator.Deploy.0 = Release|x86
		{0385EDD8-89F3-48B5-AFAC-1586804292EB}.AppStore|x64.ActiveCfg = Release|x64
		{0385EDD8-89F3-48B5-AFAC-1586804292EB}.AppStore|x64.Build.0 = Release|x64
		{0385EDD8-89F3-48B5-AFAC-1586804292EB}.AppStore|x64.Deploy.0 = Release|x64
		{0385EDD8-89F3-48B5-AFAC-1586804292EB}.AppStore|x86.ActiveCfg = Release|x86
		{0385EDD8-89F3-48B5-AFAC-1586804292EB}.AppStore|x86.Build.0 = Release|x86
		{0385EDD8-89F3-48B5-AFAC-1586804292EB}.AppStore|x86.Deploy.0 = Release|x86
		{0385EDD8-89F3-48B5-AFAC-1586804292EB}.Debug|Any CPU.ActiveCfg = Debug|x86
		{0385EDD8-89F3-48B5-AFAC-1586804292EB}.Debug|Any CPU.Build.0 = Debug|x86
		{0385EDD8-89F3-48B5-AFAC-1586804292EB}.Debug|Any CPU.Deploy.0 = Debug|x86
		{0385EDD8-89F3-48B5-AFAC-1586804292EB}.Debug|ARM.ActiveCfg = Debug|ARM
		{0385EDD8-89F3-48B5-AFAC-1586804292EB}.Debug|ARM.Build.0 = Debug|ARM
		{0385EDD8-89F3-48B5-AFAC-1586804292EB}.Debug|ARM.Deploy.0 = Debug|ARM
		{0385EDD8-89F3-48B5-AFAC-1586804292EB}.Debug|iPhone.ActiveCfg = Debug|x86
		{0385EDD8-89F3-48B5-AFAC-1586804292EB}.Debug|iPhone.Build.0 = Debug|x86
		{0385EDD8-89F3-48B5-AFAC-1586804292EB}.Debug|iPhone.Deploy.0 = Debug|x86
		{0385EDD8-89F3-48B5-AFAC-1586804292EB}.Debug|iPhoneSimulator.ActiveCfg = Debug|x86
		{0385EDD8-89F3-48B5-AFAC-1586804292EB}.Debug|iPhoneSimulator.Build.0 = Debug|x86
		{0385EDD8-89F3-48B5-AFAC-1586804292EB}.Debug|iPhoneSimulator.Deploy.0 = Debug|x86
		{0385EDD8-89F3-48B5-AFAC-1586804292EB}.Debug|x64.ActiveCfg = Debug|x64
		{0385EDD8-89F3-48B5-AFAC-1586804292EB}.Debug|x64.Build.0 = Debug|x64
		{0385EDD8-89F3-48B5-AFAC-1586804292EB}.Debug|x64.Deploy.0 = Debug|x64
		{0385EDD8-89F3-48B5-AFAC-1586804292EB}.Debug|x86.ActiveCfg = Debug|x86
		{0385EDD8-89F3-48B5-AFAC-1586804292EB}.Debug|x86.Build.0 = Debug|x86
		{0385EDD8-89F3-48B5-AFAC-1586804292EB}.Debug|x86.Deploy.0 = Debug|x86
		{0385EDD8-89F3-48B5-AFAC-1586804292EB}.Release|Any CPU.ActiveCfg = Release|x86
		{0385EDD8-89F3-48B5-AFAC-1586804292EB}.Release|Any CPU.Build.0 = Release|x86
		{0385EDD8-89F3-48B5-AFAC-1586804292EB}.Release|Any CPU.Deploy.0 = Release|x86
		{0385EDD8-89F3-48B5-AFAC-1586804292EB}.Release|ARM.ActiveCfg = Release|ARM
		{0385EDD8-89F3-48B5-AFAC-1586804292EB}.Release|ARM.Build.0 = Release|ARM
		{0385EDD8-89F3-48B5-AFAC-1586804292EB}.Release|ARM.Deploy.0 = Release|ARM
		{0385EDD8-89F3-48B5-AFAC-1586804292EB}.Release|iPhone.ActiveCfg = Release|x86
		{0385EDD8-89F3-48B5-AFAC-1586804292EB}.Release|iPhone.Build.0 = Release|x86
		{0385EDD8-89F3-48B5-AFAC-1586804292EB}.Release|iPhone.Deploy.0 = Release|x86
		{0385EDD8-89F3-48B5-AFAC-1586804292EB}.Release|iPhoneSimulator.ActiveCfg = Release|x86
		{0385EDD8-89F3-48B5-AFAC-1586804292EB}.Release|iPhoneSimulator.Build.0 = Release|x86
		{0385EDD8-89F3-48B5-AFAC-1586804292EB}.Release|iPhoneSimulator.Deploy.0 = Release|x86
		{0385EDD8-89F3-48B5-AFAC-1586804292EB}.Release|x64.ActiveCfg = Release|x64
		{0385EDD8-89F3-48B5-AFAC-1586804292EB}.Release|x64.Build.0 = Release|x64
		{0385EDD8-89F3-48B5-AFAC-1586804292EB}.Release|x64.Deploy.0 = Release|x64
		{0385EDD8-89F3-48B5-AFAC-1586804292EB}.Release|x86.ActiveCfg = Release|x86
		{0385EDD8-89F3-48B5-AFAC-1586804292EB}.Release|x86.Build.0 = Release|x86
		{0385EDD8-89F3-48B5-AFAC-1586804292EB}.Release|x86.Deploy.0 = Release|x86
		{3FB2821C-8863-4FA1-A537-22D322E6C4F5}.Ad-Hoc|Any CPU.ActiveCfg = Release|Any CPU
		{3FB2821C-8863-4FA1-A537-22D322E6C4F5}.Ad-Hoc|Any CPU.Build.0 = Release|Any CPU
		{3FB2821C-8863-4FA1-A537-22D322E6C4F5}.Ad-Hoc|Any CPU.Deploy.0 = Release|Any CPU
		{3FB2821C-8863-4FA1-A537-22D322E6C4F5}.Ad-Hoc|ARM.ActiveCfg = Release|Any CPU
		{3FB2821C-8863-4FA1-A537-22D322E6C4F5}.Ad-Hoc|ARM.Build.0 = Release|Any CPU
		{3FB2821C-8863-4FA1-A537-22D322E6C4F5}.Ad-Hoc|ARM.Deploy.0 = Release|Any CPU
		{3FB2821C-8863-4FA1-A537-22D322E6C4F5}.Ad-Hoc|iPhone.ActiveCfg = Release|Any CPU
		{3FB2821C-8863-4FA1-A537-22D322E6C4F5}.Ad-Hoc|iPhone.Build.0 = Release|Any CPU
		{3FB2821C-8863-4FA1-A537-22D322E6C4F5}.Ad-Hoc|iPhone.Deploy.0 = Release|Any CPU
		{3FB2821C-8863-4FA1-A537-22D322E6C4F5}.Ad-Hoc|iPhoneSimulator.ActiveCfg = Release|Any CPU
		{3FB2821C-8863-4FA1-A537-22D322E6C4F5}.Ad-Hoc|iPhoneSimulator.Build.0 = Release|Any CPU
		{3FB2821C-8863-4FA1-A537-22D322E6C4F5}.Ad-Hoc|iPhoneSimulator.Deploy.0 = Release|Any CPU
		{3FB2821C-8863-4FA1-A537-22D322E6C4F5}.Ad-Hoc|x64.ActiveCfg = Release|Any CPU
		{3FB2821C-8863-4FA1-A537-22D322E6C4F5}.Ad-Hoc|x64.Build.0 = Release|Any CPU
		{3FB2821C-8863-4FA1-A537-22D322E6C4F5}.Ad-Hoc|x64.Deploy.0 = Release|Any CPU
		{3FB2821C-8863-4FA1-A537-22D322E6C4F5}.Ad-Hoc|x86.ActiveCfg = Release|Any CPU
		{3FB2821C-8863-4FA1-A537-22D322E6C4F5}.Ad-Hoc|x86.Build.0 = Release|Any CPU
		{3FB2821C-8863-4FA1-A537-22D322E6C4F5}.Ad-Hoc|x86.Deploy.0 = Release|Any CPU
		{3FB2821C-8863-4FA1-A537-22D322E6C4F5}.AppStore|Any CPU.ActiveCfg = Release|Any CPU
		{3FB2821C-8863-4FA1-A537-22D322E6C4F5}.AppStore|Any CPU.Build.0 = Release|Any CPU
		{3FB2821C-8863-4FA1-A537-22D322E6C4F5}.AppStore|Any CPU.Deploy.0 = Release|Any CPU
		{3FB2821C-8863-4FA1-A537-22D322E6C4F5}.AppStore|ARM.ActiveCfg = Release|Any CPU
		{3FB2821C-8863-4FA1-A537-22D322E6C4F5}.AppStore|ARM.Build.0 = Release|Any CPU
		{3FB2821C-8863-4FA1-A537-22D322E6C4F5}.AppStore|ARM.Deploy.0 = Release|Any CPU
		{3FB2821C-8863-4FA1-A537-22D322E6C4F5}.AppStore|iPhone.ActiveCfg = Release|Any CPU
		{3FB2821C-8863-4FA1-A537-22D322E6C4F5}.AppStore|iPhone.Build.0 = Release|Any CPU
		{3FB2821C-8863-4FA1-A537-22D322E6C4F5}.AppStore|iPhone.Deploy.0 = Release|Any CPU
		{3FB2821C-8863-4FA1-A537-22D322E6C4F5}.AppStore|iPhoneSimulator.ActiveCfg = Release|Any CPU
		{3FB2821C-8863-4FA1-A537-22D322E6C4F5}.AppStore|iPhoneSimulator.Build.0 = Release|Any CPU
		{3FB2821C-8863-4FA1-A537-22D322E6C4F5}.AppStore|iPhoneSimulator.Deploy.0 = Release|Any CPU
		{3FB2821C-8863-4FA1-A537-22D322E6C4F5}.AppStore|x64.ActiveCfg = Release|Any CPU
		{3FB2821C-8863-4FA1-A537-22D322E6C4F5}.AppStore|x64.Build.0 = Release|Any CPU
		{3FB2821C-8863-4FA1-A537-22D322E6C4F5}.AppStore|x64.Deploy.0 = Release|Any CPU
		{3FB2821C-8863-4FA1-A537-22D322E6C4F5}.AppStore|x86.ActiveCfg = Release|Any CPU
		{3FB2821C-8863-4FA1-A537-22D322E6C4F5}.AppStore|x86.Build.0 = Release|Any CPU
		{3FB2821C-8863-4FA1-A537-22D322E6C4F5}.AppStore|x86.Deploy.0 = Release|Any CPU
		{3FB2821C-8863-4FA1-A537-22D322E6C4F5}.Debug|Any CPU.ActiveCfg = Debug|Any CPU
		{3FB2821C-8863-4FA1-A537-22D322E6C4F5}.Debug|Any CPU.Build.0 = Debug|Any CPU
		{3FB2821C-8863-4FA1-A537-22D322E6C4F5}.Debug|Any CPU.Deploy.0 = Debug|Any CPU
		{3FB2821C-8863-4FA1-A537-22D322E6C4F5}.Debug|ARM.ActiveCfg = Debug|Any CPU
		{3FB2821C-8863-4FA1-A537-22D322E6C4F5}.Debug|ARM.Build.0 = Debug|Any CPU
		{3FB2821C-8863-4FA1-A537-22D322E6C4F5}.Debug|ARM.Deploy.0 = Debug|Any CPU
		{3FB2821C-8863-4FA1-A537-22D322E6C4F5}.Debug|iPhone.ActiveCfg = Debug|Any CPU
		{3FB2821C-8863-4FA1-A537-22D322E6C4F5}.Debug|iPhone.Build.0 = Debug|Any CPU
		{3FB2821C-8863-4FA1-A537-22D322E6C4F5}.Debug|iPhone.Deploy.0 = Debug|Any CPU
		{3FB2821C-8863-4FA1-A537-22D322E6C4F5}.Debug|iPhoneSimulator.ActiveCfg = Debug|Any CPU
		{3FB2821C-8863-4FA1-A537-22D322E6C4F5}.Debug|iPhoneSimulator.Build.0 = Debug|Any CPU
		{3FB2821C-8863-4FA1-A537-22D322E6C4F5}.Debug|iPhoneSimulator.Deploy.0 = Debug|Any CPU
		{3FB2821C-8863-4FA1-A537-22D322E6C4F5}.Debug|x64.ActiveCfg = Debug|Any CPU
		{3FB2821C-8863-4FA1-A537-22D322E6C4F5}.Debug|x64.Build.0 = Debug|Any CPU
		{3FB2821C-8863-4FA1-A537-22D322E6C4F5}.Debug|x64.Deploy.0 = Debug|Any CPU
		{3FB2821C-8863-4FA1-A537-22D322E6C4F5}.Debug|x86.ActiveCfg = Debug|Any CPU
		{3FB2821C-8863-4FA1-A537-22D322E6C4F5}.Debug|x86.Build.0 = Debug|Any CPU
		{3FB2821C-8863-4FA1-A537-22D322E6C4F5}.Debug|x86.Deploy.0 = Debug|Any CPU
		{3FB2821C-8863-4FA1-A537-22D322E6C4F5}.Release|Any CPU.ActiveCfg = Release|Any CPU
		{3FB2821C-8863-4FA1-A537-22D322E6C4F5}.Release|Any CPU.Build.0 = Release|Any CPU
		{3FB2821C-8863-4FA1-A537-22D322E6C4F5}.Release|Any CPU.Deploy.0 = Release|Any CPU
		{3FB2821C-8863-4FA1-A537-22D322E6C4F5}.Release|ARM.ActiveCfg = Release|Any CPU
		{3FB2821C-8863-4FA1-A537-22D322E6C4F5}.Release|ARM.Build.0 = Release|Any CPU
		{3FB2821C-8863-4FA1-A537-22D322E6C4F5}.Release|ARM.Deploy.0 = Release|Any CPU
		{3FB2821C-8863-4FA1-A537-22D322E6C4F5}.Release|iPhone.ActiveCfg = Release|Any CPU
		{3FB2821C-8863-4FA1-A537-22D322E6C4F5}.Release|iPhone.Build.0 = Release|Any CPU
		{3FB2821C-8863-4FA1-A537-22D322E6C4F5}.Release|iPhone.Deploy.0 = Release|Any CPU
		{3FB2821C-8863-4FA1-A537-22D322E6C4F5}.Release|iPhoneSimulator.ActiveCfg = Release|Any CPU
		{3FB2821C-8863-4FA1-A537-22D322E6C4F5}.Release|iPhoneSimulator.Build.0 = Release|Any CPU
		{3FB2821C-8863-4FA1-A537-22D322E6C4F5}.Release|iPhoneSimulator.Deploy.0 = Release|Any CPU
		{3FB2821C-8863-4FA1-A537-22D322E6C4F5}.Release|x64.ActiveCfg = Release|Any CPU
		{3FB2821C-8863-4FA1-A537-22D322E6C4F5}.Release|x64.Build.0 = Release|Any CPU
		{3FB2821C-8863-4FA1-A537-22D322E6C4F5}.Release|x64.Deploy.0 = Release|Any CPU
		{3FB2821C-8863-4FA1-A537-22D322E6C4F5}.Release|x86.ActiveCfg = Release|Any CPU
		{3FB2821C-8863-4FA1-A537-22D322E6C4F5}.Release|x86.Build.0 = Release|Any CPU
		{3FB2821C-8863-4FA1-A537-22D322E6C4F5}.Release|x86.Deploy.0 = Release|Any CPU
		{B5749B4A-A6E5-4EBD-9369-043A0355F9B9}.Ad-Hoc|Any CPU.ActiveCfg = Ad-Hoc|iPhone
		{B5749B4A-A6E5-4EBD-9369-043A0355F9B9}.Ad-Hoc|Any CPU.Build.0 = Ad-Hoc|iPhone
		{B5749B4A-A6E5-4EBD-9369-043A0355F9B9}.Ad-Hoc|Any CPU.Deploy.0 = Ad-Hoc|iPhone
		{B5749B4A-A6E5-4EBD-9369-043A0355F9B9}.Ad-Hoc|ARM.ActiveCfg = Ad-Hoc|iPhone
		{B5749B4A-A6E5-4EBD-9369-043A0355F9B9}.Ad-Hoc|ARM.Build.0 = Ad-Hoc|iPhone
		{B5749B4A-A6E5-4EBD-9369-043A0355F9B9}.Ad-Hoc|ARM.Deploy.0 = Ad-Hoc|iPhone
		{B5749B4A-A6E5-4EBD-9369-043A0355F9B9}.Ad-Hoc|iPhone.ActiveCfg = Ad-Hoc|iPhone
		{B5749B4A-A6E5-4EBD-9369-043A0355F9B9}.Ad-Hoc|iPhone.Build.0 = Ad-Hoc|iPhone
		{B5749B4A-A6E5-4EBD-9369-043A0355F9B9}.Ad-Hoc|iPhone.Deploy.0 = Ad-Hoc|iPhone
		{B5749B4A-A6E5-4EBD-9369-043A0355F9B9}.Ad-Hoc|iPhoneSimulator.ActiveCfg = Ad-Hoc|iPhoneSimulator
		{B5749B4A-A6E5-4EBD-9369-043A0355F9B9}.Ad-Hoc|iPhoneSimulator.Build.0 = Ad-Hoc|iPhoneSimulator
		{B5749B4A-A6E5-4EBD-9369-043A0355F9B9}.Ad-Hoc|iPhoneSimulator.Deploy.0 = Ad-Hoc|iPhoneSimulator
		{B5749B4A-A6E5-4EBD-9369-043A0355F9B9}.Ad-Hoc|x64.ActiveCfg = Ad-Hoc|iPhone
		{B5749B4A-A6E5-4EBD-9369-043A0355F9B9}.Ad-Hoc|x64.Build.0 = Ad-Hoc|iPhone
		{B5749B4A-A6E5-4EBD-9369-043A0355F9B9}.Ad-Hoc|x64.Deploy.0 = Ad-Hoc|iPhone
		{B5749B4A-A6E5-4EBD-9369-043A0355F9B9}.Ad-Hoc|x86.ActiveCfg = Ad-Hoc|iPhone
		{B5749B4A-A6E5-4EBD-9369-043A0355F9B9}.Ad-Hoc|x86.Build.0 = Ad-Hoc|iPhone
		{B5749B4A-A6E5-4EBD-9369-043A0355F9B9}.Ad-Hoc|x86.Deploy.0 = Ad-Hoc|iPhone
		{B5749B4A-A6E5-4EBD-9369-043A0355F9B9}.AppStore|Any CPU.ActiveCfg = AppStore|iPhone
		{B5749B4A-A6E5-4EBD-9369-043A0355F9B9}.AppStore|Any CPU.Build.0 = AppStore|iPhone
		{B5749B4A-A6E5-4EBD-9369-043A0355F9B9}.AppStore|Any CPU.Deploy.0 = AppStore|iPhone
		{B5749B4A-A6E5-4EBD-9369-043A0355F9B9}.AppStore|ARM.ActiveCfg = AppStore|iPhone
		{B5749B4A-A6E5-4EBD-9369-043A0355F9B9}.AppStore|ARM.Build.0 = AppStore|iPhone
		{B5749B4A-A6E5-4EBD-9369-043A0355F9B9}.AppStore|ARM.Deploy.0 = AppStore|iPhone
		{B5749B4A-A6E5-4EBD-9369-043A0355F9B9}.AppStore|iPhone.ActiveCfg = AppStore|iPhone
		{B5749B4A-A6E5-4EBD-9369-043A0355F9B9}.AppStore|iPhone.Build.0 = AppStore|iPhone
		{B5749B4A-A6E5-4EBD-9369-043A0355F9B9}.AppStore|iPhone.Deploy.0 = AppStore|iPhone
		{B5749B4A-A6E5-4EBD-9369-043A0355F9B9}.AppStore|iPhoneSimulator.ActiveCfg = AppStore|iPhoneSimulator
		{B5749B4A-A6E5-4EBD-9369-043A0355F9B9}.AppStore|iPhoneSimulator.Build.0 = AppStore|iPhoneSimulator
		{B5749B4A-A6E5-4EBD-9369-043A0355F9B9}.AppStore|iPhoneSimulator.Deploy.0 = AppStore|iPhoneSimulator
		{B5749B4A-A6E5-4EBD-9369-043A0355F9B9}.AppStore|x64.ActiveCfg = AppStore|iPhone
		{B5749B4A-A6E5-4EBD-9369-043A0355F9B9}.AppStore|x64.Build.0 = AppStore|iPhone
		{B5749B4A-A6E5-4EBD-9369-043A0355F9B9}.AppStore|x64.Deploy.0 = AppStore|iPhone
		{B5749B4A-A6E5-4EBD-9369-043A0355F9B9}.AppStore|x86.ActiveCfg = AppStore|iPhone
		{B5749B4A-A6E5-4EBD-9369-043A0355F9B9}.AppStore|x86.Build.0 = AppStore|iPhone
		{B5749B4A-A6E5-4EBD-9369-043A0355F9B9}.AppStore|x86.Deploy.0 = AppStore|iPhone
		{B5749B4A-A6E5-4EBD-9369-043A0355F9B9}.Debug|Any CPU.ActiveCfg = Debug|iPhone
		{B5749B4A-A6E5-4EBD-9369-043A0355F9B9}.Debug|Any CPU.Build.0 = Debug|iPhone
		{B5749B4A-A6E5-4EBD-9369-043A0355F9B9}.Debug|Any CPU.Deploy.0 = Debug|iPhone
		{B5749B4A-A6E5-4EBD-9369-043A0355F9B9}.Debug|ARM.ActiveCfg = Debug|iPhoneSimulator
		{B5749B4A-A6E5-4EBD-9369-043A0355F9B9}.Debug|ARM.Build.0 = Debug|iPhoneSimulator
		{B5749B4A-A6E5-4EBD-9369-043A0355F9B9}.Debug|ARM.Deploy.0 = Debug|iPhoneSimulator
		{B5749B4A-A6E5-4EBD-9369-043A0355F9B9}.Debug|iPhone.ActiveCfg = Debug|iPhone
		{B5749B4A-A6E5-4EBD-9369-043A0355F9B9}.Debug|iPhone.Build.0 = Debug|iPhone
		{B5749B4A-A6E5-4EBD-9369-043A0355F9B9}.Debug|iPhone.Deploy.0 = Debug|iPhone
		{B5749B4A-A6E5-4EBD-9369-043A0355F9B9}.Debug|iPhoneSimulator.ActiveCfg = Debug|iPhoneSimulator
		{B5749B4A-A6E5-4EBD-9369-043A0355F9B9}.Debug|iPhoneSimulator.Build.0 = Debug|iPhoneSimulator
		{B5749B4A-A6E5-4EBD-9369-043A0355F9B9}.Debug|iPhoneSimulator.Deploy.0 = Debug|iPhoneSimulator
		{B5749B4A-A6E5-4EBD-9369-043A0355F9B9}.Debug|x64.ActiveCfg = Debug|iPhone
		{B5749B4A-A6E5-4EBD-9369-043A0355F9B9}.Debug|x64.Build.0 = Debug|iPhone
		{B5749B4A-A6E5-4EBD-9369-043A0355F9B9}.Debug|x64.Deploy.0 = Debug|iPhone
		{B5749B4A-A6E5-4EBD-9369-043A0355F9B9}.Debug|x86.ActiveCfg = Debug|iPhone
		{B5749B4A-A6E5-4EBD-9369-043A0355F9B9}.Debug|x86.Build.0 = Debug|iPhone
		{B5749B4A-A6E5-4EBD-9369-043A0355F9B9}.Debug|x86.Deploy.0 = Debug|iPhone
		{B5749B4A-A6E5-4EBD-9369-043A0355F9B9}.Release|Any CPU.ActiveCfg = Release|iPhone
		{B5749B4A-A6E5-4EBD-9369-043A0355F9B9}.Release|Any CPU.Build.0 = Release|iPhone
		{B5749B4A-A6E5-4EBD-9369-043A0355F9B9}.Release|Any CPU.Deploy.0 = Release|iPhone
		{B5749B4A-A6E5-4EBD-9369-043A0355F9B9}.Release|ARM.ActiveCfg = Release|iPhone
		{B5749B4A-A6E5-4EBD-9369-043A0355F9B9}.Release|ARM.Build.0 = Release|iPhone
		{B5749B4A-A6E5-4EBD-9369-043A0355F9B9}.Release|ARM.Deploy.0 = Release|iPhone
		{B5749B4A-A6E5-4EBD-9369-043A0355F9B9}.Release|iPhone.ActiveCfg = Release|iPhone
		{B5749B4A-A6E5-4EBD-9369-043A0355F9B9}.Release|iPhone.Build.0 = Release|iPhone
		{B5749B4A-A6E5-4EBD-9369-043A0355F9B9}.Release|iPhone.Deploy.0 = Release|iPhone
		{B5749B4A-A6E5-4EBD-9369-043A0355F9B9}.Release|iPhoneSimulator.ActiveCfg = Release|iPhoneSimulator
		{B5749B4A-A6E5-4EBD-9369-043A0355F9B9}.Release|iPhoneSimulator.Build.0 = Release|iPhoneSimulator
		{B5749B4A-A6E5-4EBD-9369-043A0355F9B9}.Release|iPhoneSimulator.Deploy.0 = Release|iPhoneSimulator
		{B5749B4A-A6E5-4EBD-9369-043A0355F9B9}.Release|x64.ActiveCfg = Release|iPhone
		{B5749B4A-A6E5-4EBD-9369-043A0355F9B9}.Release|x64.Build.0 = Release|iPhone
		{B5749B4A-A6E5-4EBD-9369-043A0355F9B9}.Release|x64.Deploy.0 = Release|iPhone
		{B5749B4A-A6E5-4EBD-9369-043A0355F9B9}.Release|x86.ActiveCfg = Release|iPhone
		{B5749B4A-A6E5-4EBD-9369-043A0355F9B9}.Release|x86.Build.0 = Release|iPhone
		{B5749B4A-A6E5-4EBD-9369-043A0355F9B9}.Release|x86.Deploy.0 = Release|iPhone
		{1124D198-23ED-43FD-ADB2-90503A6679C1}.Ad-Hoc|Any CPU.ActiveCfg = Debug|Any CPU
		{1124D198-23ED-43FD-ADB2-90503A6679C1}.Ad-Hoc|Any CPU.Build.0 = Debug|Any CPU
		{1124D198-23ED-43FD-ADB2-90503A6679C1}.Ad-Hoc|Any CPU.Deploy.0 = Debug|Any CPU
		{1124D198-23ED-43FD-ADB2-90503A6679C1}.Ad-Hoc|ARM.ActiveCfg = Debug|Any CPU
		{1124D198-23ED-43FD-ADB2-90503A6679C1}.Ad-Hoc|ARM.Build.0 = Debug|Any CPU
		{1124D198-23ED-43FD-ADB2-90503A6679C1}.Ad-Hoc|ARM.Deploy.0 = Debug|Any CPU
		{1124D198-23ED-43FD-ADB2-90503A6679C1}.Ad-Hoc|iPhone.ActiveCfg = Debug|Any CPU
		{1124D198-23ED-43FD-ADB2-90503A6679C1}.Ad-Hoc|iPhone.Build.0 = Debug|Any CPU
		{1124D198-23ED-43FD-ADB2-90503A6679C1}.Ad-Hoc|iPhone.Deploy.0 = Debug|Any CPU
		{1124D198-23ED-43FD-ADB2-90503A6679C1}.Ad-Hoc|iPhoneSimulator.ActiveCfg = Debug|Any CPU
		{1124D198-23ED-43FD-ADB2-90503A6679C1}.Ad-Hoc|iPhoneSimulator.Build.0 = Debug|Any CPU
		{1124D198-23ED-43FD-ADB2-90503A6679C1}.Ad-Hoc|iPhoneSimulator.Deploy.0 = Debug|Any CPU
		{1124D198-23ED-43FD-ADB2-90503A6679C1}.Ad-Hoc|x64.ActiveCfg = Debug|Any CPU
		{1124D198-23ED-43FD-ADB2-90503A6679C1}.Ad-Hoc|x64.Build.0 = Debug|Any CPU
		{1124D198-23ED-43FD-ADB2-90503A6679C1}.Ad-Hoc|x64.Deploy.0 = Debug|Any CPU
		{1124D198-23ED-43FD-ADB2-90503A6679C1}.Ad-Hoc|x86.ActiveCfg = Debug|Any CPU
		{1124D198-23ED-43FD-ADB2-90503A6679C1}.Ad-Hoc|x86.Build.0 = Debug|Any CPU
		{1124D198-23ED-43FD-ADB2-90503A6679C1}.Ad-Hoc|x86.Deploy.0 = Debug|Any CPU
		{1124D198-23ED-43FD-ADB2-90503A6679C1}.AppStore|Any CPU.ActiveCfg = Debug|Any CPU
		{1124D198-23ED-43FD-ADB2-90503A6679C1}.AppStore|Any CPU.Build.0 = Debug|Any CPU
		{1124D198-23ED-43FD-ADB2-90503A6679C1}.AppStore|Any CPU.Deploy.0 = Debug|Any CPU
		{1124D198-23ED-43FD-ADB2-90503A6679C1}.AppStore|ARM.ActiveCfg = Debug|Any CPU
		{1124D198-23ED-43FD-ADB2-90503A6679C1}.AppStore|ARM.Build.0 = Debug|Any CPU
		{1124D198-23ED-43FD-ADB2-90503A6679C1}.AppStore|ARM.Deploy.0 = Debug|Any CPU
		{1124D198-23ED-43FD-ADB2-90503A6679C1}.AppStore|iPhone.ActiveCfg = Debug|Any CPU
		{1124D198-23ED-43FD-ADB2-90503A6679C1}.AppStore|iPhone.Build.0 = Debug|Any CPU
		{1124D198-23ED-43FD-ADB2-90503A6679C1}.AppStore|iPhone.Deploy.0 = Debug|Any CPU
		{1124D198-23ED-43FD-ADB2-90503A6679C1}.AppStore|iPhoneSimulator.ActiveCfg = Debug|Any CPU
		{1124D198-23ED-43FD-ADB2-90503A6679C1}.AppStore|iPhoneSimulator.Build.0 = Debug|Any CPU
		{1124D198-23ED-43FD-ADB2-90503A6679C1}.AppStore|iPhoneSimulator.Deploy.0 = Debug|Any CPU
		{1124D198-23ED-43FD-ADB2-90503A6679C1}.AppStore|x64.ActiveCfg = Debug|Any CPU
		{1124D198-23ED-43FD-ADB2-90503A6679C1}.AppStore|x64.Build.0 = Debug|Any CPU
		{1124D198-23ED-43FD-ADB2-90503A6679C1}.AppStore|x64.Deploy.0 = Debug|Any CPU
		{1124D198-23ED-43FD-ADB2-90503A6679C1}.AppStore|x86.ActiveCfg = Debug|Any CPU
		{1124D198-23ED-43FD-ADB2-90503A6679C1}.AppStore|x86.Build.0 = Debug|Any CPU
		{1124D198-23ED-43FD-ADB2-90503A6679C1}.AppStore|x86.Deploy.0 = Debug|Any CPU
		{1124D198-23ED-43FD-ADB2-90503A6679C1}.Debug|Any CPU.ActiveCfg = Debug|Any CPU
		{1124D198-23ED-43FD-ADB2-90503A6679C1}.Debug|Any CPU.Build.0 = Debug|Any CPU
		{1124D198-23ED-43FD-ADB2-90503A6679C1}.Debug|Any CPU.Deploy.0 = Debug|Any CPU
		{1124D198-23ED-43FD-ADB2-90503A6679C1}.Debug|ARM.ActiveCfg = Debug|Any CPU
		{1124D198-23ED-43FD-ADB2-90503A6679C1}.Debug|ARM.Build.0 = Debug|Any CPU
		{1124D198-23ED-43FD-ADB2-90503A6679C1}.Debug|ARM.Deploy.0 = Debug|Any CPU
		{1124D198-23ED-43FD-ADB2-90503A6679C1}.Debug|iPhone.ActiveCfg = Debug|Any CPU
		{1124D198-23ED-43FD-ADB2-90503A6679C1}.Debug|iPhone.Build.0 = Debug|Any CPU
		{1124D198-23ED-43FD-ADB2-90503A6679C1}.Debug|iPhone.Deploy.0 = Debug|Any CPU
		{1124D198-23ED-43FD-ADB2-90503A6679C1}.Debug|iPhoneSimulator.ActiveCfg = Debug|Any CPU
		{1124D198-23ED-43FD-ADB2-90503A6679C1}.Debug|iPhoneSimulator.Build.0 = Debug|Any CPU
		{1124D198-23ED-43FD-ADB2-90503A6679C1}.Debug|iPhoneSimulator.Deploy.0 = Debug|Any CPU
		{1124D198-23ED-43FD-ADB2-90503A6679C1}.Debug|x64.ActiveCfg = Debug|Any CPU
		{1124D198-23ED-43FD-ADB2-90503A6679C1}.Debug|x64.Build.0 = Debug|Any CPU
		{1124D198-23ED-43FD-ADB2-90503A6679C1}.Debug|x64.Deploy.0 = Debug|Any CPU
		{1124D198-23ED-43FD-ADB2-90503A6679C1}.Debug|x86.ActiveCfg = Debug|Any CPU
		{1124D198-23ED-43FD-ADB2-90503A6679C1}.Debug|x86.Build.0 = Debug|Any CPU
		{1124D198-23ED-43FD-ADB2-90503A6679C1}.Debug|x86.Deploy.0 = Debug|Any CPU
		{1124D198-23ED-43FD-ADB2-90503A6679C1}.Release|Any CPU.ActiveCfg = Release|Any CPU
		{1124D198-23ED-43FD-ADB2-90503A6679C1}.Release|Any CPU.Build.0 = Release|Any CPU
		{1124D198-23ED-43FD-ADB2-90503A6679C1}.Release|Any CPU.Deploy.0 = Release|Any CPU
		{1124D198-23ED-43FD-ADB2-90503A6679C1}.Release|ARM.ActiveCfg = Release|Any CPU
		{1124D198-23ED-43FD-ADB2-90503A6679C1}.Release|ARM.Build.0 = Release|Any CPU
		{1124D198-23ED-43FD-ADB2-90503A6679C1}.Release|ARM.Deploy.0 = Release|Any CPU
		{1124D198-23ED-43FD-ADB2-90503A6679C1}.Release|iPhone.ActiveCfg = Release|Any CPU
		{1124D198-23ED-43FD-ADB2-90503A6679C1}.Release|iPhone.Build.0 = Release|Any CPU
		{1124D198-23ED-43FD-ADB2-90503A6679C1}.Release|iPhone.Deploy.0 = Release|Any CPU
		{1124D198-23ED-43FD-ADB2-90503A6679C1}.Release|iPhoneSimulator.ActiveCfg = Release|Any CPU
		{1124D198-23ED-43FD-ADB2-90503A6679C1}.Release|iPhoneSimulator.Build.0 = Release|Any CPU
		{1124D198-23ED-43FD-ADB2-90503A6679C1}.Release|iPhoneSimulator.Deploy.0 = Release|Any CPU
		{1124D198-23ED-43FD-ADB2-90503A6679C1}.Release|x64.ActiveCfg = Release|Any CPU
		{1124D198-23ED-43FD-ADB2-90503A6679C1}.Release|x64.Build.0 = Release|Any CPU
		{1124D198-23ED-43FD-ADB2-90503A6679C1}.Release|x64.Deploy.0 = Release|Any CPU
		{1124D198-23ED-43FD-ADB2-90503A6679C1}.Release|x86.ActiveCfg = Release|Any CPU
		{1124D198-23ED-43FD-ADB2-90503A6679C1}.Release|x86.Build.0 = Release|Any CPU
		{1124D198-23ED-43FD-ADB2-90503A6679C1}.Release|x86.Deploy.0 = Release|Any CPU
	EndGlobalSection
	GlobalSection(SolutionProperties) = preSolution
		HideSolutionNode = FALSE
	EndGlobalSection
	GlobalSection(ExtensibilityGlobals) = postSolution
		SolutionGuid = {A4253C97-F30F-4189-9682-1293815D6491}
	EndGlobalSection
EndGlobal
